
Microsoft Visual Studio Solution File, Format Version 12.00
# Visual Studio Version 17
VisualStudioVersion = 17.4.33213.308
MinimumVisualStudioVersion = 10.0.40219.1
Project("{2150E333-8FDC-42A3-9474-1A3956D46DE8}") = "Presentation", "Presentation", "{3211FF6C-26BF-4E0F-8668-3711F4DC4CCC}"
EndProject
Project("{2150E333-8FDC-42A3-9474-1A3956D46DE8}") = "Infrastructure", "Infrastructure", "{25C23438-844B-4F13-9038-F4C161C2D305}"
EndProject
Project("{2150E333-8FDC-42A3-9474-1A3956D46DE8}") = "Features", "Features", "{F351D608-F831-482F-A21C-8FF413F6EF80}"
EndProject
Project("{9A19103F-16F7-4668-BE54-9A1E7A4F7556}") = "Infrastructure.EfCore", "Infrastructure.EfCore\Infrastructure.EfCore.csproj", "{BE6181CD-E29E-4628-97D9-C3B27A5300A7}"
EndProject
Project("{9A19103F-16F7-4668-BE54-9A1E7A4F7556}") = "Feature.Get.UserAll", "Feature.Get.UserAll\Feature.Get.UserAll.csproj", "{1095BFBA-E8BC-40B5-B63D-4CBC871CD124}"
EndProject
Project("{9A19103F-16F7-4668-BE54-9A1E7A4F7556}") = "Presentation.API", "Presentation.API\Presentation.API.csproj", "{02147AA3-3F51-4839-A4D6-4CECC0BBE1D6}"
EndProject
Project("{9A19103F-16F7-4668-BE54-9A1E7A4F7556}") = "Feature.Create.User", "Feature.Create.User\Feature.Create.User.csproj", "{4BCB55C3-FFC5-4809-BC44-34606A919B82}"
EndProject
Global
	GlobalSection(SolutionConfigurationPlatforms) = preSolution
		Debug|Any CPU = Debug|Any CPU
		Release|Any CPU = Release|Any CPU
	EndGlobalSection
	GlobalSection(ProjectConfigurationPlatforms) = postSolution
		{BE6181CD-E29E-4628-97D9-C3B27A5300A7}.Debug|Any CPU.ActiveCfg = Debug|Any CPU
		{BE6181CD-E29E-4628-97D9-C3B27A5300A7}.Debug|Any CPU.Build.0 = Debug|Any CPU
		{BE6181CD-E29E-4628-97D9-C3B27A5300A7}.Release|Any CPU.ActiveCfg = Release|Any CPU
		{BE6181CD-E29E-4628-97D9-C3B27A5300A7}.Release|Any CPU.Build.0 = Release|Any CPU
		{1095BFBA-E8BC-40B5-B63D-4CBC871CD124}.Debug|Any CPU.ActiveCfg = Debug|Any CPU
		{1095BFBA-E8BC-40B5-B63D-4CBC871CD124}.Debug|Any CPU.Build.0 = Debug|Any CPU
		{1095BFBA-E8BC-40B5-B63D-4CBC871CD124}.Release|Any CPU.ActiveCfg = Release|Any CPU
		{1095BFBA-E8BC-40B5-B63D-4CBC871CD124}.Release|Any CPU.Build.0 = Release|Any CPU
		{02147AA3-3F51-4839-A4D6-4CECC0BBE1D6}.Debug|Any CPU.ActiveCfg = Debug|Any CPU
		{02147AA3-3F51-4839-A4D6-4CECC0BBE1D6}.Debug|Any CPU.Build.0 = Debug|Any CPU
		{02147AA3-3F51-4839-A4D6-4CECC0BBE1D6}.Release|Any CPU.ActiveCfg = Release|Any CPU
		{02147AA3-3F51-4839-A4D6-4CECC0BBE1D6}.Release|Any CPU.Build.0 = Release|Any CPU
		{4BCB55C3-FFC5-4809-BC44-34606A919B82}.Debug|Any CPU.ActiveCfg = Debug|Any CPU
		{4BCB55C3-FFC5-4809-BC44-34606A919B82}.Debug|Any CPU.Build.0 = Debug|Any CPU
		{4BCB55C3-FFC5-4809-BC44-34606A919B82}.Release|Any CPU.ActiveCfg = Release|Any CPU
		{4BCB55C3-FFC5-4809-BC44-34606A919B82}.Release|Any CPU.Build.0 = Release|Any CPU
	EndGlobalSection
	GlobalSection(SolutionProperties) = preSolution
		HideSolutionNode = FALSE
	EndGlobalSection
	GlobalSection(NestedProjects) = preSolution
		{BE6181CD-E29E-4628-97D9-C3B27A5300A7} = {25C23438-844B-4F13-9038-F4C161C2D305}
		{1095BFBA-E8BC-40B5-B63D-4CBC871CD124} = {F351D608-F831-482F-A21C-8FF413F6EF80}
		{02147AA3-3F51-4839-A4D6-4CECC0BBE1D6} = {3211FF6C-26BF-4E0F-8668-3711F4DC4CCC}
		{4BCB55C3-FFC5-4809-BC44-34606A919B82} = {F351D608-F831-482F-A21C-8FF413F6EF80}
	EndGlobalSection
	GlobalSection(ExtensibilityGlobals) = postSolution
		SolutionGuid = {58873A8F-DEFB-4498-8C85-BA574F459092}
	EndGlobalSection
EndGlobal
